# This file is automatically @generated by Cargo.
# It is not intended for manual editing.
version = 3

[[package]]
name = "guest"
version = "0.1.0"
source = "git+ssh://git@github.com/0xmozak/mozak-vm.git?branch=main#09acdd50224912220c6ac34c69f8d02ada9c3132"

[[package]]
name = "mozak-transitions"
version = "0.1.0"
dependencies = [
 "guest",
]
