# This file is automatically @generated by Cargo.
# It is not intended for manual editing.
version = 3

[[package]]
name = "guest"
version = "0.1.0"
source = "git+ssh://git@github.com/0xmozak/mozak-vm.git?branch=main#acb2b5efe9515ed44737557d240ffd15d97cb209"

[[package]]
name = "object-sdk"
version = "0.1.0"

[[package]]
name = "yes-man-mozak-transition"
version = "0.1.0"
dependencies = [
 "guest",
 "object-sdk",
]
